
Microsoft Visual Studio Solution File, Format Version 12.00
# Visual Studio 14
VisualStudioVersion = 14.0.25420.1
MinimumVisualStudioVersion = 10.0.40219.1
Project("{2150E333-8FDC-42A3-9474-1A3956D46DE8}") = "src", "src", "{B1C14642-C4CC-4E3F-B1E3-0FEDC165E92E}"
EndProject
Project("{2150E333-8FDC-42A3-9474-1A3956D46DE8}") = "Solution Items", "Solution Items", "{5D887FD3-6107-4FC9-AC4F-692B3FA2B9DB}"
	ProjectSection(SolutionItems) = preProject
		.gitattributes = .gitattributes
		.gitignore = .gitignore
		global.json = global.json
		LICENSE = LICENSE
		README.md = README.md
		Settings.StyleCop = Settings.StyleCop
		Tennis.sln.DotSettings = Tennis.sln.DotSettings
	EndProjectSection
EndProject
Project("{2150E333-8FDC-42A3-9474-1A3956D46DE8}") = "Tournaments", "Tournaments", "{56913805-7412-4C77-9581-F7E58989EF08}"
EndProject
Project("{2150E333-8FDC-42A3-9474-1A3956D46DE8}") = "Competitions", "Competitions", "{338E79E0-02BC-4592-A7B9-39E6C41989F8}"
EndProject
Project("{8BB2217D-0F2D-49D1-97BC-3654ED321F3B}") = "Tennis.WebApp", "src\Tennis.WebApp\Tennis.WebApp.xproj", "{CFD600CE-B8B7-4E32-A500-C54E3DE07021}"
EndProject
Project("{8BB2217D-0F2D-49D1-97BC-3654ED321F3B}") = "Tennis.AppSettings", "src\Tennis.AppSettings\Tennis.AppSettings.xproj", "{0B27BF9C-EA8A-48B8-94D3-CE2A64209EF6}"
EndProject
Project("{8BB2217D-0F2D-49D1-97BC-3654ED321F3B}") = "Tennis.ViewModels", "src\Tennis.ViewModels\Tennis.ViewModels.xproj", "{B6B11313-DFB7-4757-B166-1B81CFCA3075}"
EndProject
Project("{2150E333-8FDC-42A3-9474-1A3956D46DE8}") = "test", "test", "{7AFB0843-4F9D-44D4-A86E-213125DFFEAE}"
EndProject
Project("{2150E333-8FDC-42A3-9474-1A3956D46DE8}") = "Competitions", "Competitions", "{4059BB92-C592-45FC-8AE8-C54446791574}"
EndProject
Project("{2150E333-8FDC-42A3-9474-1A3956D46DE8}") = "Tournaments", "Tournaments", "{72832662-F4E2-4ADE-AC42-B63E4AB39024}"
EndProject
Project("{FAE04EC0-301F-11D3-BF4B-00C04F79EFBC}") = "Tournaments.EntityModels", "src\Tournaments.EntityModels\Tournaments.EntityModels.csproj", "{8B20EA03-0125-4E44-9FDB-DFDF6F08FA0F}"
EndProject
Project("{FAE04EC0-301F-11D3-BF4B-00C04F79EFBC}") = "Tournaments.Helpers", "src\Tournaments.Helpers\Tournaments.Helpers.csproj", "{97C7F3FD-ED9E-45AB-B459-70125D5CF33C}"
EndProject
Project("{FAE04EC0-301F-11D3-BF4B-00C04F79EFBC}") = "Tournaments.Mappers", "src\Tournaments.Mappers\Tournaments.Mappers.csproj", "{433E827B-BEC4-482B-AD12-2C57C796AF5C}"
EndProject
Project("{FAE04EC0-301F-11D3-BF4B-00C04F79EFBC}") = "Tournaments.Models", "src\Tournaments.Models\Tournaments.Models.csproj", "{E09E8557-40DF-4622-8CA7-DC5126434E86}"
EndProject
Project("{FAE04EC0-301F-11D3-BF4B-00C04F79EFBC}") = "Tournaments.Services", "src\Tournaments.Services\Tournaments.Services.csproj", "{12FC2F99-F111-45BF-98F2-96D616197676}"
EndProject
Project("{151D2E53-A2C4-4D7D-83FE-D05416EBD58E}") = "Tennis.Resources", "src\Tennis.Resources\Tennis.Resources.deployproj", "{0CBD5F03-F16E-4A42-9649-77C620EB033A}"
EndProject
Project("{FAE04EC0-301F-11D3-BF4B-00C04F79EFBC}") = "Competitions.EntityModels", "src\Competitions.EntityModels\Competitions.EntityModels.csproj", "{4E61BF17-EBD9-45DD-B245-7873D3BACE93}"
EndProject
Global
	GlobalSection(SolutionConfigurationPlatforms) = preSolution
		Debug|Any CPU = Debug|Any CPU
		Release|Any CPU = Release|Any CPU
	EndGlobalSection
	GlobalSection(ProjectConfigurationPlatforms) = postSolution
		{CFD600CE-B8B7-4E32-A500-C54E3DE07021}.Debug|Any CPU.ActiveCfg = Debug|Any CPU
		{CFD600CE-B8B7-4E32-A500-C54E3DE07021}.Debug|Any CPU.Build.0 = Debug|Any CPU
		{CFD600CE-B8B7-4E32-A500-C54E3DE07021}.Release|Any CPU.ActiveCfg = Release|Any CPU
		{CFD600CE-B8B7-4E32-A500-C54E3DE07021}.Release|Any CPU.Build.0 = Release|Any CPU
		{0B27BF9C-EA8A-48B8-94D3-CE2A64209EF6}.Debug|Any CPU.ActiveCfg = Debug|Any CPU
		{0B27BF9C-EA8A-48B8-94D3-CE2A64209EF6}.Debug|Any CPU.Build.0 = Debug|Any CPU
		{0B27BF9C-EA8A-48B8-94D3-CE2A64209EF6}.Release|Any CPU.ActiveCfg = Release|Any CPU
		{0B27BF9C-EA8A-48B8-94D3-CE2A64209EF6}.Release|Any CPU.Build.0 = Release|Any CPU
		{B6B11313-DFB7-4757-B166-1B81CFCA3075}.Debug|Any CPU.ActiveCfg = Debug|Any CPU
		{B6B11313-DFB7-4757-B166-1B81CFCA3075}.Debug|Any CPU.Build.0 = Debug|Any CPU
		{B6B11313-DFB7-4757-B166-1B81CFCA3075}.Release|Any CPU.ActiveCfg = Release|Any CPU
		{B6B11313-DFB7-4757-B166-1B81CFCA3075}.Release|Any CPU.Build.0 = Release|Any CPU
		{8B20EA03-0125-4E44-9FDB-DFDF6F08FA0F}.Debug|Any CPU.ActiveCfg = Debug|Any CPU
		{8B20EA03-0125-4E44-9FDB-DFDF6F08FA0F}.Debug|Any CPU.Build.0 = Debug|Any CPU
		{8B20EA03-0125-4E44-9FDB-DFDF6F08FA0F}.Release|Any CPU.ActiveCfg = Release|Any CPU
		{8B20EA03-0125-4E44-9FDB-DFDF6F08FA0F}.Release|Any CPU.Build.0 = Release|Any CPU
		{97C7F3FD-ED9E-45AB-B459-70125D5CF33C}.Debug|Any CPU.ActiveCfg = Debug|Any CPU
		{97C7F3FD-ED9E-45AB-B459-70125D5CF33C}.Debug|Any CPU.Build.0 = Debug|Any CPU
		{97C7F3FD-ED9E-45AB-B459-70125D5CF33C}.Release|Any CPU.ActiveCfg = Release|Any CPU
		{97C7F3FD-ED9E-45AB-B459-70125D5CF33C}.Release|Any CPU.Build.0 = Release|Any CPU
		{433E827B-BEC4-482B-AD12-2C57C796AF5C}.Debug|Any CPU.ActiveCfg = Debug|Any CPU
		{433E827B-BEC4-482B-AD12-2C57C796AF5C}.Debug|Any CPU.Build.0 = Debug|Any CPU
		{433E827B-BEC4-482B-AD12-2C57C796AF5C}.Release|Any CPU.ActiveCfg = Release|Any CPU
		{433E827B-BEC4-482B-AD12-2C57C796AF5C}.Release|Any CPU.Build.0 = Release|Any CPU
		{E09E8557-40DF-4622-8CA7-DC5126434E86}.Debug|Any CPU.ActiveCfg = Debug|Any CPU
		{E09E8557-40DF-4622-8CA7-DC5126434E86}.Debug|Any CPU.Build.0 = Debug|Any CPU
		{E09E8557-40DF-4622-8CA7-DC5126434E86}.Release|Any CPU.ActiveCfg = Release|Any CPU
		{E09E8557-40DF-4622-8CA7-DC5126434E86}.Release|Any CPU.Build.0 = Release|Any CPU
		{12FC2F99-F111-45BF-98F2-96D616197676}.Debug|Any CPU.ActiveCfg = Debug|Any CPU
		{12FC2F99-F111-45BF-98F2-96D616197676}.Debug|Any CPU.Build.0 = Debug|Any CPU
		{12FC2F99-F111-45BF-98F2-96D616197676}.Release|Any CPU.ActiveCfg = Release|Any CPU
		{12FC2F99-F111-45BF-98F2-96D616197676}.Release|Any CPU.Build.0 = Release|Any CPU
		{0CBD5F03-F16E-4A42-9649-77C620EB033A}.Debug|Any CPU.ActiveCfg = Debug|Any CPU
		{0CBD5F03-F16E-4A42-9649-77C620EB033A}.Debug|Any CPU.Build.0 = Debug|Any CPU
		{0CBD5F03-F16E-4A42-9649-77C620EB033A}.Release|Any CPU.ActiveCfg = Release|Any CPU
		{0CBD5F03-F16E-4A42-9649-77C620EB033A}.Release|Any CPU.Build.0 = Release|Any CPU
		{4E61BF17-EBD9-45DD-B245-7873D3BACE93}.Debug|Any CPU.ActiveCfg = Debug|Any CPU
		{4E61BF17-EBD9-45DD-B245-7873D3BACE93}.Debug|Any CPU.Build.0 = Debug|Any CPU
		{4E61BF17-EBD9-45DD-B245-7873D3BACE93}.Release|Any CPU.ActiveCfg = Release|Any CPU
		{4E61BF17-EBD9-45DD-B245-7873D3BACE93}.Release|Any CPU.Build.0 = Release|Any CPU
	EndGlobalSection
	GlobalSection(SolutionProperties) = preSolution
		HideSolutionNode = FALSE
	EndGlobalSection
	GlobalSection(NestedProjects) = preSolution
		{56913805-7412-4C77-9581-F7E58989EF08} = {B1C14642-C4CC-4E3F-B1E3-0FEDC165E92E}
		{338E79E0-02BC-4592-A7B9-39E6C41989F8} = {B1C14642-C4CC-4E3F-B1E3-0FEDC165E92E}
		{CFD600CE-B8B7-4E32-A500-C54E3DE07021} = {B1C14642-C4CC-4E3F-B1E3-0FEDC165E92E}
		{0B27BF9C-EA8A-48B8-94D3-CE2A64209EF6} = {B1C14642-C4CC-4E3F-B1E3-0FEDC165E92E}
		{B6B11313-DFB7-4757-B166-1B81CFCA3075} = {B1C14642-C4CC-4E3F-B1E3-0FEDC165E92E}
		{4059BB92-C592-45FC-8AE8-C54446791574} = {7AFB0843-4F9D-44D4-A86E-213125DFFEAE}
		{72832662-F4E2-4ADE-AC42-B63E4AB39024} = {7AFB0843-4F9D-44D4-A86E-213125DFFEAE}
		{8B20EA03-0125-4E44-9FDB-DFDF6F08FA0F} = {56913805-7412-4C77-9581-F7E58989EF08}
		{97C7F3FD-ED9E-45AB-B459-70125D5CF33C} = {56913805-7412-4C77-9581-F7E58989EF08}
		{433E827B-BEC4-482B-AD12-2C57C796AF5C} = {56913805-7412-4C77-9581-F7E58989EF08}
		{E09E8557-40DF-4622-8CA7-DC5126434E86} = {56913805-7412-4C77-9581-F7E58989EF08}
		{12FC2F99-F111-45BF-98F2-96D616197676} = {56913805-7412-4C77-9581-F7E58989EF08}
		{0CBD5F03-F16E-4A42-9649-77C620EB033A} = {B1C14642-C4CC-4E3F-B1E3-0FEDC165E92E}
		{4E61BF17-EBD9-45DD-B245-7873D3BACE93} = {338E79E0-02BC-4592-A7B9-39E6C41989F8}
	EndGlobalSection
EndGlobal
